Microsoft Visual Studio Solution File, Format Version 11.00
# Visual Studio 2008

Project("{9E524BA6-200B-6066-87A6-0DD56556A652}") = "ROB-Unity-master", "Assembly-CSharp-firstpass-vs.csproj", "{46B9C2E1-4677-8A64-8946-5AF46BDC5CFB}"
EndProject
Project("{9E524BA6-200B-6066-87A6-0DD56556A652}") = "ROB-Unity-master", "Assembly-CSharp-vs.csproj", "{A21B2E00-A948-9813-A104-F8FA409087C8}"
EndProject
Global
	GlobalSection(SolutionConfigurationPlatforms) = preSolution
		Debug|Any CPU = Debug|Any CPU
		Release|Any CPU = Release|Any CPU
	EndGlobalSection
	GlobalSection(ProjectConfigurationPlatforms) = postSolution
		{46B9C2E1-4677-8A64-8946-5AF46BDC5CFB}.Debug|Any CPU.ActiveCfg = Debug|Any CPU
		{46B9C2E1-4677-8A64-8946-5AF46BDC5CFB}.Debug|Any CPU.Build.0 = Debug|Any CPU
		{46B9C2E1-4677-8A64-8946-5AF46BDC5CFB}.Release|Any CPU.ActiveCfg = Release|Any CPU
		{46B9C2E1-4677-8A64-8946-5AF46BDC5CFB}.Release|Any CPU.Build.0 = Release|Any CPU
		{A21B2E00-A948-9813-A104-F8FA409087C8}.Debug|Any CPU.ActiveCfg = Debug|Any CPU
		{A21B2E00-A948-9813-A104-F8FA409087C8}.Debug|Any CPU.Build.0 = Debug|Any CPU
		{A21B2E00-A948-9813-A104-F8FA409087C8}.Release|Any CPU.ActiveCfg = Release|Any CPU
		{A21B2E00-A948-9813-A104-F8FA409087C8}.Release|Any CPU.Build.0 = Release|Any CPU
	EndGlobalSection
	GlobalSection(SolutionProperties) = preSolution
		HideSolutionNode = FALSE
	EndGlobalSection
																																						GlobalSection(MonoDevelopProperties) = preSolution
		StartupItem = Assembly-CSharp.csproj
		Policies = $0
		$0.TextStylePolicy = $1
		$1.inheritsSet = null
		$1.scope = text/x-csharp
		$0.CSharpFormattingPolicy = $2
		$2.inheritsSet = Mono
		$2.inheritsScope = text/x-csharp
		$2.scope = text/x-csharp
		$0.TextStylePolicy = $3
		$3.FileWidth = 120
		$3.TabWidth = 4
		$3.EolMarker = Unix
		$3.inheritsSet = Mono
		$3.inheritsScope = text/plain
		$3.scope = text/plain
	EndGlobalSection

EndGlobal
